# This file is autogenerated, do not edit; changes may be undone by the next 'dep ensure'.


[[projects]]
  branch = "master"
  name = "github.com/uudashr/go-eventd"
  packages = ["."]
  revision = "7d83568aec9a34f5099ec27c3113d2d68755516a"

[[projects]]
  branch = "master"
  name = "github.com/uudashr/go-exchange"
  packages = ["."]
  revision = "1bf24761027431b9f8e6e777014f4f3526376971"

[[projects]]
  branch = "master"
  name = "github.com/uudashr/go-mq"
  packages = ["."]
  revision = "7e8772f7f93d6940c9b70d05e9bb7fca7fb97cef"

[solve-meta]
  analyzer-name = "dep"
  analyzer-version = 1
  inputs-digest = "bf55ccdcb7ef733d0cdaf0f3d5bece450f218c2d4388682fc983a319afa5bf5e"
  solver-name = "gps-cdcl"
  solver-version = 1
